dependencies:
  esp-idf-lib/aht:
    component_hash: ed9b60aa4b65cffb1d31360b38c70096e618c38084ebb5548cc7e27e0c92b5e5
    dependencies:
    - name: esp-idf-lib/esp_idf_lib_helpers
      registry_url: https://components.espressif.com
      require: private
      version: '*'
    - name: esp-idf-lib/i2cdev
      registry_url: https://components.espressif.com
      require: private
      version: '*'
    source:
      registry_url: https://components.espressif.com/
      type: service
    targets:
    - esp32
    - esp32c2
    - esp32c3
    - esp32c5
    - esp32c6
    - esp32c61
    - esp32h2
    - esp32p4
    - esp32s2
    - esp32s3
    version: 1.0.8
  esp-idf-lib/encoder:
    component_hash: 0ac3bb66deff664544512216b30b38f05c6c45f42329afb8f089d196a6c6d30c
    dependencies: []
    source:
      registry_url: https://components.espressif.com/
      type: service
    targets:
    - esp32
    - esp32c2
    - esp32c3
    - esp32c5
    - esp32c6
    - esp32c61
    - esp32h2
    - esp32p4
    - esp32s2
    - esp32s3
    version: 3.0.2
  esp-idf-lib/esp_idf_lib_helpers:
    component_hash: 689853bb8993434f9556af0f2816e808bf77b5d22100144b21f3519993daf237
    dependencies: []
    source:
      registry_url: https://components.espressif.com
      type: service
    targets:
    - esp32
    - esp32c2
    - esp32c3
    - esp32c5
    - esp32c6
    - esp32c61
    - esp32h2
    - esp32p4
    - esp32s2
    - esp32s3
    version: 1.4.0
  esp-idf-lib/i2cdev:
    component_hash: 9e22a91420695242ceac2c00788820ae45826224d38ef003a1a894367c55ede4
    dependencies:
    - name: esp-idf-lib/esp_idf_lib_helpers
      registry_url: https://components.espressif.com
      require: private
      version: '*'
    source:
      registry_url: https://components.espressif.com/
      type: service
    targets:
    - esp32
    - esp32c2
    - esp32c3
    - esp32c5
    - esp32c6
    - esp32c61
    - esp32h2
    - esp32p4
    - esp32s2
    - esp32s3
    version: 2.1.1
  idf:
    source:
      type: idf
    version: 6.0.1
direct_dependencies:
- esp-idf-lib/aht
- esp-idf-lib/encoder
- esp-idf-lib/i2cdev
manifest_hash: 7f7caa2730cc3960d4e4f1b8c2ec7046d589e5aaa00f40349a6f7562627c0353
target: esp32c3
version: 2.0.0
